// !$*UTF8*$!
{
	archiveVersion = 1;
	classes = {
	};
	objectVersion = 56;
	objects = {

/* Begin PBXBuildFile section */
		7A587AB42C6E434C0015C1F6 /* AppDelegate.swift in Sources */ = {isa = PBXBuildFile; fileRef = 7A587AB32C6E434C0015C1F6 /* AppDelegate.swift */; };
		7A587AB62C6E434C0015C1F6 /* SceneDelegate.swift in Sources */ = {isa = PBXBuildFile; fileRef = 7A587AB52C6E434C0015C1F6 /* SceneDelegate.swift */; };
		7A587AB82C6E434C0015C1F6 /* AudioViewController.swift in Sources */ = {isa = PBXBuildFile; fileRef = 7A587AB72C6E434C0015C1F6 /* AudioViewController.swift */; };
		7A587ABB2C6E434C0015C1F6 /* Base in Resources */ = {isa = PBXBuildFile; fileRef = 7A587ABA2C6E434C0015C1F6 /* Base */; };
		7A587ABD2C6E434D0015C1F6 /* Assets.xcassets in Resources */ = {isa = PBXBuildFile; fileRef = 7A587ABC2C6E434D0015C1F6 /* Assets.xcassets */; };
		7A587AC02C6E434D0015C1F6 /* Base in Resources */ = {isa = PBXBuildFile; fileRef = 7A587ABF2C6E434D0015C1F6 /* Base */; };
		7A587ACB2C6E434D0015C1F6 /* DemoTests.swift in Sources */ = {isa = PBXBuildFile; fileRef = 7A587ACA2C6E434D0015C1F6 /* DemoTests.swift */; };
		7A587AD52C6E434D0015C1F6 /* DemoUITests.swift in Sources */ = {isa = PBXBuildFile; fileRef = 7A587AD42C6E434D0015C1F6 /* DemoUITests.swift */; };
		7A587AD72C6E434D0015C1F6 /* DemoUITestsLaunchTests.swift in Sources */ = {isa = PBXBuildFile; fileRef = 7A587AD62C6E434D0015C1F6 /* DemoUITestsLaunchTests.swift */; };
		7A587AE42C6E4D380015C1F6 /* WaveformView.swift in Sources */ = {isa = PBXBuildFile; fileRef = 7A587AE32C6E4D380015C1F6 /* WaveformView.swift */; };
		7A5D13102C7043D7000BCDC3 /* JKSwiftExtension in Frameworks */ = {isa = PBXBuildFile; productRef = 7A5D130F2C7043D7000BCDC3 /* JKSwiftExtension */; };
		7A5DDA102C7041120078B8C0 /* InsetLabel.swift in Sources */ = {isa = PBXBuildFile; fileRef = 7A5DDA0F2C7041120078B8C0 /* InsetLabel.swift */; };
		7A7DFE5B2C6F8062005EC5A4 /* SnapKit in Frameworks */ = {isa = PBXBuildFile; productRef = 7A7DFE5A2C6F8062005EC5A4 /* SnapKit */; };
		7A90AA612C74CC9D00DBE692 /* MainTabBarController.swift in Sources */ = {isa = PBXBuildFile; fileRef = 7A90AA602C74CC9D00DBE692 /* MainTabBarController.swift */; };
		7A90AA632C74D15700DBE692 /* DesignKit in Frameworks */ = {isa = PBXBuildFile; productRef = 7A90AA622C74D15700DBE692 /* DesignKit */; };
		7A90AA652C74D21500DBE692 /* NavigationController.swift in Sources */ = {isa = PBXBuildFile; fileRef = 7A90AA642C74D21500DBE692 /* NavigationController.swift */; };
		7A90AA672C74E26100DBE692 /* NavChangeViewController.swift in Sources */ = {isa = PBXBuildFile; fileRef = 7A90AA662C74E26100DBE692 /* NavChangeViewController.swift */; };
		7AA2AF812C6F76D2009DB062 /* TagsView.swift in Sources */ = {isa = PBXBuildFile; fileRef = 7AA2AF802C6F76D2009DB062 /* TagsView.swift */; };
/* End PBXBuildFile section */

/* Begin PBXContainerItemProxy section */
		7A587AC72C6E434D0015C1F6 /* PBXContainerItemProxy */ = {
			isa = PBXContainerItemProxy;
			containerPortal = 7A587AA82C6E434C0015C1F6 /* Project object */;
			proxyType = 1;
			remoteGlobalIDString = 7A587AAF2C6E434C0015C1F6;
			remoteInfo = Demo;
		};
		7A587AD12C6E434D0015C1F6 /* PBXContainerItemProxy */ = {
			isa = PBXContainerItemProxy;
			containerPortal = 7A587AA82C6E434C0015C1F6 /* Project object */;
			proxyType = 1;
			remoteGlobalIDString = 7A587AAF2C6E434C0015C1F6;
			remoteInfo = Demo;
		};
/* End PBXContainerItemProxy section */

/* Begin PBXFileReference section */
		7A587AB02C6E434C0015C1F6 /* Demo.app */ = {isa = PBXFileReference; explicitFileType = wrapper.application; includeInIndex = 0; path = Demo.app; sourceTree = BUILT_PRODUCTS_DIR; };
		7A587AB32C6E434C0015C1F6 /* AppDelegate.swift */ = {isa = PBXFileReference; lastKnownFileType = sourcecode.swift; path = AppDelegate.swift; sourceTree = "<group>"; };
		7A587AB52C6E434C0015C1F6 /* SceneDelegate.swift */ = {isa = PBXFileReference; lastKnownFileType = sourcecode.swift; path = SceneDelegate.swift; sourceTree = "<group>"; };
		7A587AB72C6E434C0015C1F6 /* AudioViewController.swift */ = {isa = PBXFileReference; lastKnownFileType = sourcecode.swift; path = AudioViewController.swift; sourceTree = "<group>"; };
		7A587ABA2C6E434C0015C1F6 /* Base */ = {isa = PBXFileReference; lastKnownFileType = file.storyboard; name = Base; path = Base.lproj/Main.storyboard; sourceTree = "<group>"; };
		7A587ABC2C6E434D0015C1F6 /* Assets.xcassets */ = {isa = PBXFileReference; lastKnownFileType = folder.assetcatalog; path = Assets.xcassets; sourceTree = "<group>"; };
		7A587ABF2C6E434D0015C1F6 /* Base */ = {isa = PBXFileReference; lastKnownFileType = file.storyboard; name = Base; path = Base.lproj/LaunchScreen.storyboard; sourceTree = "<group>"; };
		7A587AC12C6E434D0015C1F6 /* Info.plist */ = {isa = PBXFileReference; lastKnownFileType = text.plist.xml; path = Info.plist; sourceTree = "<group>"; };
		7A587AC62C6E434D0015C1F6 /* DemoTests.xctest */ = {isa = PBXFileReference; explicitFileType = wrapper.cfbundle; includeInIndex = 0; path = DemoTests.xctest; sourceTree = BUILT_PRODUCTS_DIR; };
		7A587ACA2C6E434D0015C1F6 /* DemoTests.swift */ = {isa = PBXFileReference; lastKnownFileType = sourcecode.swift; path = DemoTests.swift; sourceTree = "<group>"; };
		7A587AD02C6E434D0015C1F6 /* DemoUITests.xctest */ = {isa = PBXFileReference; explicitFileType = wrapper.cfbundle; includeInIndex = 0; path = DemoUITests.xctest; sourceTree = BUILT_PRODUCTS_DIR; };
		7A587AD42C6E434D0015C1F6 /* DemoUITests.swift */ = {isa = PBXFileReference; lastKnownFileType = sourcecode.swift; path = DemoUITests.swift; sourceTree = "<group>"; };
		7A587AD62C6E434D0015C1F6 /* DemoUITestsLaunchTests.swift */ = {isa = PBXFileReference; lastKnownFileType = sourcecode.swift; path = DemoUITestsLaunchTests.swift; sourceTree = "<group>"; };
		7A587AE32C6E4D380015C1F6 /* WaveformView.swift */ = {isa = PBXFileReference; lastKnownFileType = sourcecode.swift; path = WaveformView.swift; sourceTree = "<group>"; };
		7A5DDA0F2C7041120078B8C0 /* InsetLabel.swift */ = {isa = PBXFileReference; lastKnownFileType = sourcecode.swift; path = InsetLabel.swift; sourceTree = "<group>"; };
		7A90AA602C74CC9D00DBE692 /* MainTabBarController.swift */ = {isa = PBXFileReference; lastKnownFileType = sourcecode.swift; path = MainTabBarController.swift; sourceTree = "<group>"; };
		7A90AA642C74D21500DBE692 /* NavigationController.swift */ = {isa = PBXFileReference; lastKnownFileType = sourcecode.swift; path = NavigationController.swift; sourceTree = "<group>"; };
		7A90AA662C74E26100DBE692 /* NavChangeViewController.swift */ = {isa = PBXFileReference; lastKnownFileType = sourcecode.swift; path = NavChangeViewController.swift; sourceTree = "<group>"; };
		7AA2AF802C6F76D2009DB062 /* TagsView.swift */ = {isa = PBXFileReference; lastKnownFileType = sourcecode.swift; path = TagsView.swift; sourceTree = "<group>"; };
/* End PBXFileReference section */

/* Begin PBXFrameworksBuildPhase section */
		7A587AAD2C6E434C0015C1F6 /* Frameworks */ = {
			isa = PBXFrameworksBuildPhase;
			buildActionMask = 2147483647;
			files = (
				7A7DFE5B2C6F8062005EC5A4 /* SnapKit in Frameworks */,
				7A5D13102C7043D7000BCDC3 /* JKSwiftExtension in Frameworks */,
				7A90AA632C74D15700DBE692 /* DesignKit in Frameworks */,
			);
			runOnlyForDeploymentPostprocessing = 0;
		};
		7A587AC32C6E434D0015C1F6 /* Frameworks */ = {
			isa = PBXFrameworksBuildPhase;
			buildActionMask = 2147483647;
			files = (
			);
			runOnlyForDeploymentPostprocessing = 0;
		};
		7A587ACD2C6E434D0015C1F6 /* Frameworks */ = {
			isa = PBXFrameworksBuildPhase;
			buildActionMask = 2147483647;
			files = (
			);
			runOnlyForDeploymentPostprocessing = 0;
		};
/* End PBXFrameworksBuildPhase section */

/* Begin PBXGroup section */
		7A587AA72C6E434C0015C1F6 = {
			isa = PBXGroup;
			children = (
				7A587AB22C6E434C0015C1F6 /* Demo */,
				7A587AC92C6E434D0015C1F6 /* DemoTests */,
				7A587AD32C6E434D0015C1F6 /* DemoUITests */,
				7A587AB12C6E434C0015C1F6 /* Products */,
				7A5D130E2C7043D7000BCDC3 /* Frameworks */,
			);
			sourceTree = "<group>";
		};
		7A587AB12C6E434C0015C1F6 /* Products */ = {
			isa = PBXGroup;
			children = (
				7A587AB02C6E434C0015C1F6 /* Demo.app */,
				7A587AC62C6E434D0015C1F6 /* DemoTests.xctest */,
				7A587AD02C6E434D0015C1F6 /* DemoUITests.xctest */,
			);
			name = Products;
			sourceTree = "<group>";
		};
		7A587AB22C6E434C0015C1F6 /* Demo */ = {
			isa = PBXGroup;
			children = (
				7A587AB32C6E434C0015C1F6 /* AppDelegate.swift */,
				7A587AB52C6E434C0015C1F6 /* SceneDelegate.swift */,
				7A587AB72C6E434C0015C1F6 /* AudioViewController.swift */,
				7A587AB92C6E434C0015C1F6 /* Main.storyboard */,
				7A587ABC2C6E434D0015C1F6 /* Assets.xcassets */,
				7A587ABE2C6E434D0015C1F6 /* LaunchScreen.storyboard */,
				7A587AC12C6E434D0015C1F6 /* Info.plist */,
				7A587AE32C6E4D380015C1F6 /* WaveformView.swift */,
				7AA2AF802C6F76D2009DB062 /* TagsView.swift */,
				7A5DDA0F2C7041120078B8C0 /* InsetLabel.swift */,
				7A90AA602C74CC9D00DBE692 /* MainTabBarController.swift */,
				7A90AA642C74D21500DBE692 /* NavigationController.swift */,
				7A90AA662C74E26100DBE692 /* NavChangeViewController.swift */,
			);
			path = Demo;
			sourceTree = "<group>";
		};
		7A587AC92C6E434D0015C1F6 /* DemoTests */ = {
			isa = PBXGroup;
			children = (
				7A587ACA2C6E434D0015C1F6 /* DemoTests.swift */,
			);
			path = DemoTests;
			sourceTree = "<group>";
		};
		7A587AD32C6E434D0015C1F6 /* DemoUITests */ = {
			isa = PBXGroup;
			children = (
				7A587AD42C6E434D0015C1F6 /* DemoUITests.swift */,
				7A587AD62C6E434D0015C1F6 /* DemoUITestsLaunchTests.swift */,
			);
			path = DemoUITests;
			sourceTree = "<group>";
		};
		7A5D130E2C7043D7000BCDC3 /* Frameworks */ = {
			isa = PBXGroup;
			children = (
			);
			name = Frameworks;
			sourceTree = "<group>";
		};
/* End PBXGroup section */

/* Begin PBXNativeTarget section */
		7A587AAF2C6E434C0015C1F6 /* Demo */ = {
			isa = PBXNativeTarget;
			buildConfigurationList = 7A587ADA2C6E434D0015C1F6 /* Build configuration list for PBXNativeTarget "Demo" */;
			buildPhases = (
				7A587AAC2C6E434C0015C1F6 /* Sources */,
				7A587AAD2C6E434C0015C1F6 /* Frameworks */,
				7A587AAE2C6E434C0015C1F6 /* Resources */,
			);
			buildRules = (
			);
			dependencies = (
			);
			name = Demo;
			packageProductDependencies = (
				7A7DFE5A2C6F8062005EC5A4 /* SnapKit */,
				7A5D130F2C7043D7000BCDC3 /* JKSwiftExtension */,
				7A90AA622C74D15700DBE692 /* DesignKit */,
			);
			productName = Demo;
			productReference = 7A587AB02C6E434C0015C1F6 /* Demo.app */;
			productType = "com.apple.product-type.application";
		};
		7A587AC52C6E434D0015C1F6 /* DemoTests */ = {
			isa = PBXNativeTarget;
			buildConfigurationList = 7A587ADD2C6E434D0015C1F6 /* Build configuration list for PBXNativeTarget "DemoTests" */;
			buildPhases = (
				7A587AC22C6E434D0015C1F6 /* Sources */,
				7A587AC32C6E434D0015C1F6 /* Frameworks */,
				7A587AC42C6E434D0015C1F6 /* Resources */,
			);
			buildRules = (
			);
			dependencies = (
				7A587AC82C6E434D0015C1F6 /* PBXTargetDependency */,
			);
			name = DemoTests;
			productName = DemoTests;
			productReference = 7A587AC62C6E434D0015C1F6 /* DemoTests.xctest */;
			productType = "com.apple.product-type.bundle.unit-test";
		};
		7A587ACF2C6E434D0015C1F6 /* DemoUITests */ = {
			isa = PBXNativeTarget;
			buildConfigurationList = 7A587AE02C6E434D0015C1F6 /* Build configuration list for PBXNativeTarget "DemoUITests" */;
			buildPhases = (
				7A587ACC2C6E434D0015C1F6 /* Sources */,
				7A587ACD2C6E434D0015C1F6 /* Frameworks */,
				7A587ACE2C6E434D0015C1F6 /* Resources */,
			);
			buildRules = (
			);
			dependencies = (
				7A587AD22C6E434D0015C1F6 /* PBXTargetDependency */,
			);
			name = DemoUITests;
			productName = DemoUITests;
			productReference = 7A587AD02C6E434D0015C1F6 /* DemoUITests.xctest */;
			productType = "com.apple.product-type.bundle.ui-testing";
		};
/* End PBXNativeTarget section */

/* Begin PBXProject section */
		7A587AA82C6E434C0015C1F6 /* Project object */ = {
			isa = PBXProject;
			attributes = {
				BuildIndependentTargetsInParallel = 1;
				LastSwiftUpdateCheck = 1540;
				LastUpgradeCheck = 1540;
				TargetAttributes = {
					7A587AAF2C6E434C0015C1F6 = {
						CreatedOnToolsVersion = 15.4;
					};
					7A587AC52C6E434D0015C1F6 = {
						CreatedOnToolsVersion = 15.4;
						TestTargetID = 7A587AAF2C6E434C0015C1F6;
					};
					7A587ACF2C6E434D0015C1F6 = {
						CreatedOnToolsVersion = 15.4;
						TestTargetID = 7A587AAF2C6E434C0015C1F6;
					};
				};
			};
			buildConfigurationList = 7A587AAB2C6E434C0015C1F6 /* Build configuration list for PBXProject "Demo" */;
			compatibilityVersion = "Xcode 14.0";
			developmentRegion = en;
			hasScannedForEncodings = 0;
			knownRegions = (
				en,
				Base,
			);
			mainGroup = 7A587AA72C6E434C0015C1F6;
			packageReferences = (
				7AA2AF822C6F77BF009DB062 /* XCRemoteSwiftPackageReference "SnapKit" */,
				7A5DDA112C7043550078B8C0 /* XCRemoteSwiftPackageReference "JKSwiftExtension" */,
				7A6164392C70FB6E0095003D /* XCRemoteSwiftPackageReference "DesignKit" */,
			);
			productRefGroup = 7A587AB12C6E434C0015C1F6 /* Products */;
			projectDirPath = "";
			projectRoot = "";
			targets = (
				7A587AAF2C6E434C0015C1F6 /* Demo */,
				7A587AC52C6E434D0015C1F6 /* DemoTests */,
				7A587ACF2C6E434D0015C1F6 /* DemoUITests */,
			);
		};
/* End PBXProject section */

/* Begin PBXResourcesBuildPhase section */
		7A587AAE2C6E434C0015C1F6 /* Resources */ = {
			isa = PBXResourcesBuildPhase;
			buildActionMask = 2147483647;
			files = (
				7A587ABD2C6E434D0015C1F6 /* Assets.xcassets in Resources */,
				7A587AC02C6E434D0015C1F6 /* Base in Resources */,
				7A587ABB2C6E434C0015C1F6 /* Base in Resources */,
			);
			runOnlyForDeploymentPostprocessing = 0;
		};
		7A587AC42C6E434D0015C1F6 /* Resources */ = {
			isa = PBXResourcesBuildPhase;
			buildActionMask = 2147483647;
			files = (
			);
			runOnlyForDeploymentPostprocessing = 0;
		};
		7A587ACE2C6E434D0015C1F6 /* Resources */ = {
			isa = PBXResourcesBuildPhase;
			buildActionMask = 2147483647;
			files = (
			);
			runOnlyForDeploymentPostprocessing = 0;
		};
/* End PBXResourcesBuildPhase section */

/* Begin PBXSourcesBuildPhase section */
		7A587AAC2C6E434C0015C1F6 /* Sources */ = {
			isa = PBXSourcesBuildPhase;
			buildActionMask = 2147483647;
			files = (
				7A587AB82C6E434C0015C1F6 /* AudioViewController.swift in Sources */,
				7A90AA652C74D21500DBE692 /* NavigationController.swift in Sources */,
				7AA2AF812C6F76D2009DB062 /* TagsView.swift in Sources */,
				7A587AB42C6E434C0015C1F6 /* AppDelegate.swift in Sources */,
				7A90AA612C74CC9D00DBE692 /* MainTabBarController.swift in Sources */,
				7A587AB62C6E434C0015C1F6 /* SceneDelegate.swift in Sources */,
				7A5DDA102C7041120078B8C0 /* InsetLabel.swift in Sources */,
				7A587AE42C6E4D380015C1F6 /* WaveformView.swift in Sources */,
				7A90AA672C74E26100DBE692 /* NavChangeViewController.swift in Sources */,
			);
			runOnlyForDeploymentPostprocessing = 0;
		};
		7A587AC22C6E434D0015C1F6 /* Sources */ = {
			isa = PBXSourcesBuildPhase;
			buildActionMask = 2147483647;
			files = (
				7A587ACB2C6E434D0015C1F6 /* DemoTests.swift in Sources */,
			);
			runOnlyForDeploymentPostprocessing = 0;
		};
		7A587ACC2C6E434D0015C1F6 /* Sources */ = {
			isa = PBXSourcesBuildPhase;
			buildActionMask = 2147483647;
			files = (
				7A587AD52C6E434D0015C1F6 /* DemoUITests.swift in Sources */,
				7A587AD72C6E434D0015C1F6 /* DemoUITestsLaunchTests.swift in Sources */,
			);
			runOnlyForDeploymentPostprocessing = 0;
		};
/* End PBXSourcesBuildPhase section */

/* Begin PBXTargetDependency section */
		7A587AC82C6E434D0015C1F6 /* PBXTargetDependency */ = {
			isa = PBXTargetDependency;
			target = 7A587AAF2C6E434C0015C1F6 /* Demo */;
			targetProxy = 7A587AC72C6E434D0015C1F6 /* PBXContainerItemProxy */;
		};
		7A587AD22C6E434D0015C1F6 /* PBXTargetDependency */ = {
			isa = PBXTargetDependency;
			target = 7A587AAF2C6E434C0015C1F6 /* Demo */;
			targetProxy = 7A587AD12C6E434D0015C1F6 /* PBXContainerItemProxy */;
		};
/* End PBXTargetDependency section */

/* Begin PBXVariantGroup section */
		7A587AB92C6E434C0015C1F6 /* Main.storyboard */ = {
			isa = PBXVariantGroup;
			children = (
				7A587ABA2C6E434C0015C1F6 /* Base */,
			);
			name = Main.storyboard;
			sourceTree = "<group>";
		};
		7A587ABE2C6E434D0015C1F6 /* LaunchScreen.storyboard */ = {
			isa = PBXVariantGroup;
			children = (
				7A587ABF2C6E434D0015C1F6 /* Base */,
			);
			name = LaunchScreen.storyboard;
			sourceTree = "<group>";
		};
/* End PBXVariantGroup section */

/* Begin XCBuildConfiguration section */
		7A587AD82C6E434D0015C1F6 /* Debug */ = {
			isa = XCBuildConfiguration;
			buildSettings = {
				ALWAYS_SEARCH_USER_PATHS = NO;
				ASSETCATALOG_COMPILER_GENERATE_SWIFT_ASSET_SYMBOL_EXTENSIONS = YES;
				CLANG_ANALYZER_NONNULL = YES;
				CLANG_ANALYZER_NUMBER_OBJECT_CONVERSION = YES_AGGRESSIVE;
				CLANG_CXX_LANGUAGE_STANDARD = "gnu++20";
				CLANG_ENABLE_MODULES = YES;
				CLANG_ENABLE_OBJC_ARC = YES;
				CLANG_ENABLE_OBJC_WEAK = YES;
				CLANG_WARN_BLOCK_CAPTURE_AUTORELEASING = YES;
				CLANG_WARN_BOOL_CONVERSION = YES;
				CLANG_WARN_COMMA = YES;
				CLANG_WARN_CONSTANT_CONVERSION = YES;
				CLANG_WARN_DEPRECATED_OBJC_IMPLEMENTATIONS = YES;
				CLANG_WARN_DIRECT_OBJC_ISA_USAGE = YES_ERROR;
				CLANG_WARN_DOCUMENTATION_COMMENTS = YES;
				CLANG_WARN_EMPTY_BODY = YES;
				CLANG_WARN_ENUM_CONVERSION = YES;
				CLANG_WARN_INFINITE_RECURSION = YES;
				CLANG_WARN_INT_CONVERSION = YES;
				CLANG_WARN_NON_LITERAL_NULL_CONVERSION = YES;
				CLANG_WARN_OBJC_IMPLICIT_RETAIN_SELF = YES;
				CLANG_WARN_OBJC_LITERAL_CONVERSION = YES;
				CLANG_WARN_OBJC_ROOT_CLASS = YES_ERROR;
				CLANG_WARN_QUOTED_INCLUDE_IN_FRAMEWORK_HEADER = YES;
				CLANG_WARN_RANGE_LOOP_ANALYSIS = YES;
				CLANG_WARN_STRICT_PROTOTYPES = YES;
				CLANG_WARN_SUSPICIOUS_MOVE = YES;
				CLANG_WARN_UNGUARDED_AVAILABILITY = YES_AGGRESSIVE;
				CLANG_WARN_UNREACHABLE_CODE = YES;
				CLANG_WARN__DUPLICATE_METHOD_MATCH = YES;
				COPY_PHASE_STRIP = NO;
				DEBUG_INFORMATION_FORMAT = dwarf;
				ENABLE_STRICT_OBJC_MSGSEND = YES;
				ENABLE_TESTABILITY = YES;
				ENABLE_USER_SCRIPT_SANDBOXING = YES;
				GCC_C_LANGUAGE_STANDARD = gnu17;
				GCC_DYNAMIC_NO_PIC = NO;
				GCC_NO_COMMON_BLOCKS = YES;
				GCC_OPTIMIZATION_LEVEL = 0;
				GCC_PREPROCESSOR_DEFINITIONS = (
					"DEBUG=1",
					"$(inherited)",
				);
				GCC_WARN_64_TO_32_BIT_CONVERSION = YES;
				GCC_WARN_ABOUT_RETURN_TYPE = YES_ERROR;
				GCC_WARN_UNDECLARED_SELECTOR = YES;
				GCC_WARN_UNINITIALIZED_AUTOS = YES_AGGRESSIVE;
				GCC_WARN_UNUSED_FUNCTION = YES;
				GCC_WARN_UNUSED_VARIABLE = YES;
				IPHONEOS_DEPLOYMENT_TARGET = 17.5;
				LOCALIZATION_PREFERS_STRING_CATALOGS = YES;
				MTL_ENABLE_DEBUG_INFO = INCLUDE_SOURCE;
				MTL_FAST_MATH = YES;
				ONLY_ACTIVE_ARCH = YES;
				SDKROOT = iphoneos;
				SWIFT_ACTIVE_COMPILATION_CONDITIONS = "DEBUG $(inherited)";
				SWIFT_OPTIMIZATION_LEVEL = "-Onone";
			};
			name = Debug;
		};
		7A587AD92C6E434D0015C1F6 /* Release */ = {
			isa = XCBuildConfiguration;
			buildSettings = {
				ALWAYS_SEARCH_USER_PATHS = NO;
				ASSETCATALOG_COMPILER_GENERATE_SWIFT_ASSET_SYMBOL_EXTENSIONS = YES;
				CLANG_ANALYZER_NONNULL = YES;
				CLANG_ANALYZER_NUMBER_OBJECT_CONVERSION = YES_AGGRESSIVE;
				CLANG_CXX_LANGUAGE_STANDARD = "gnu++20";
				CLANG_ENABLE_MODULES = YES;
				CLANG_ENABLE_OBJC_ARC = YES;
				CLANG_ENABLE_OBJC_WEAK = YES;
				CLANG_WARN_BLOCK_CAPTURE_AUTORELEASING = YES;
				CLANG_WARN_BOOL_CONVERSION = YES;
				CLANG_WARN_COMMA = YES;
				CLANG_WARN_CONSTANT_CONVERSION = YES;
				CLANG_WARN_DEPRECATED_OBJC_IMPLEMENTATIONS = YES;
				CLANG_WARN_DIRECT_OBJC_ISA_USAGE = YES_ERROR;
				CLANG_WARN_DOCUMENTATION_COMMENTS = YES;
				CLANG_WARN_EMPTY_BODY = YES;
				CLANG_WARN_ENUM_CONVERSION = YES;
				CLANG_WARN_INFINITE_RECURSION = YES;
				CLANG_WARN_INT_CONVERSION = YES;
				CLANG_WARN_NON_LITERAL_NULL_CONVERSION = YES;
				CLANG_WARN_OBJC_IMPLICIT_RETAIN_SELF = YES;
				CLANG_WARN_OBJC_LITERAL_CONVERSION = YES;
				CLANG_WARN_OBJC_ROOT_CLASS = YES_ERROR;
				CLANG_WARN_QUOTED_INCLUDE_IN_FRAMEWORK_HEADER = YES;
				CLANG_WARN_RANGE_LOOP_ANALYSIS = YES;
				CLANG_WARN_STRICT_PROTOTYPES = YES;
				CLANG_WARN_SUSPICIOUS_MOVE = YES;
				CLANG_WARN_UNGUARDED_AVAILABILITY = YES_AGGRESSIVE;
				CLANG_WARN_UNREACHABLE_CODE = YES;
				CLANG_WARN__DUPLICATE_METHOD_MATCH = YES;
				COPY_PHASE_STRIP = NO;
				DEBUG_INFORMATION_FORMAT = "dwarf-with-dsym";
				ENABLE_NS_ASSERTIONS = NO;
				ENABLE_STRICT_OBJC_MSGSEND = YES;
				ENABLE_USER_SCRIPT_SANDBOXING = YES;
				GCC_C_LANGUAGE_STANDARD = gnu17;
				GCC_NO_COMMON_BLOCKS = YES;
				GCC_WARN_64_TO_32_BIT_CONVERSION = YES;
				GCC_WARN_ABOUT_RETURN_TYPE = YES_ERROR;
				GCC_WARN_UNDECLARED_SELECTOR = YES;
				GCC_WARN_UNINITIALIZED_AUTOS = YES_AGGRESSIVE;
				GCC_WARN_UNUSED_FUNCTION = YES;
				GCC_WARN_UNUSED_VARIABLE = YES;
				IPHONEOS_DEPLOYMENT_TARGET = 17.5;
				LOCALIZATION_PREFERS_STRING_CATALOGS = YES;
				MTL_ENABLE_DEBUG_INFO = NO;
				MTL_FAST_MATH = YES;
				SDKROOT = iphoneos;
				SWIFT_COMPILATION_MODE = wholemodule;
				VALIDATE_PRODUCT = YES;
			};
			name = Release;
		};
		7A587ADB2C6E434D0015C1F6 /* Debug */ = {
			isa = XCBuildConfiguration;
			buildSettings = {
				ASSETCATALOG_COMPILER_APPICON_NAME = AppIcon;
				ASSETCATALOG_COMPILER_GLOBAL_ACCENT_COLOR_NAME = AccentColor;
				CODE_SIGN_STYLE = Automatic;
				CURRENT_PROJECT_VERSION = 1;
				DEVELOPMENT_TEAM = 2S25LUGR55;
				GENERATE_INFOPLIST_FILE = YES;
				INFOPLIST_FILE = Demo/Info.plist;
				INFOPLIST_KEY_UIApplicationSupportsIndirectInputEvents = YES;
				INFOPLIST_KEY_UILaunchStoryboardName = LaunchScreen;
				INFOPLIST_KEY_UIMainStoryboardFile = Main;
				INFOPLIST_KEY_UISupportedInterfaceOrientations_iPad = "UIInterfaceOrientationPortrait UIInterfaceOrientationPortraitUpsideDown UIInterfaceOrientationLandscapeLeft UIInterfaceOrientationLandscapeRight";
				INFOPLIST_KEY_UISupportedInterfaceOrientations_iPhone = "UIInterfaceOrientationPortrait UIInterfaceOrientationLandscapeLeft UIInterfaceOrientationLandscapeRight";
				LD_RUNPATH_SEARCH_PATHS = (
					"$(inherited)",
					"@executable_path/Frameworks",
				);
				MARKETING_VERSION = 1.0;
				PRODUCT_BUNDLE_IDENTIFIER = com.chuyishiwu.Demo;
				PRODUCT_NAME = "$(TARGET_NAME)";
				SWIFT_EMIT_LOC_STRINGS = YES;
				SWIFT_VERSION = 5.0;
				TARGETED_DEVICE_FAMILY = "1,2";
			};
			name = Debug;
		};
		7A587ADC2C6E434D0015C1F6 /* Release */ = {
			isa = XCBuildConfiguration;
			buildSettings = {
				ASSETCATALOG_COMPILER_APPICON_NAME = AppIcon;
				ASSETCATALOG_COMPILER_GLOBAL_ACCENT_COLOR_NAME = AccentColor;
				CODE_SIGN_STYLE = Automatic;
				CURRENT_PROJECT_VERSION = 1;
				DEVELOPMENT_TEAM = 2S25LUGR55;
				GENERATE_INFOPLIST_FILE = YES;
				INFOPLIST_FILE = Demo/Info.plist;
				INFOPLIST_KEY_UIApplicationSupportsIndirectInputEvents = YES;
				INFOPLIST_KEY_UILaunchStoryboardName = LaunchScreen;
				INFOPLIST_KEY_UIMainStoryboardFile = Main;
				INFOPLIST_KEY_UISupportedInterfaceOrientations_iPad = "UIInterfaceOrientationPortrait UIInterfaceOrientationPortraitUpsideDown UIInterfaceOrientationLandscapeLeft UIInterfaceOrientationLandscapeRight";
				INFOPLIST_KEY_UISupportedInterfaceOrientations_iPhone = "UIInterfaceOrientationPortrait UIInterfaceOrientationLandscapeLeft UIInterfaceOrientationLandscapeRight";
				LD_RUNPATH_SEARCH_PATHS = (
					"$(inherited)",
					"@executable_path/Frameworks",
				);
				MARKETING_VERSION = 1.0;
				PRODUCT_BUNDLE_IDENTIFIER = com.chuyishiwu.Demo;
				PRODUCT_NAME = "$(TARGET_NAME)";
				SWIFT_EMIT_LOC_STRINGS = YES;
				SWIFT_VERSION = 5.0;
				TARGETED_DEVICE_FAMILY = "1,2";
			};
			name = Release;
		};
		7A587ADE2C6E434D0015C1F6 /* Debug */ = {
			isa = XCBuildConfiguration;
			buildSettings = {
				ALWAYS_EMBED_SWIFT_STANDARD_LIBRARIES = YES;
				BUNDLE_LOADER = "$(TEST_HOST)";
				CODE_SIGN_STYLE = Automatic;
				CURRENT_PROJECT_VERSION = 1;
				DEVELOPMENT_TEAM = 2S25LUGR55;
				GENERATE_INFOPLIST_FILE = YES;
				IPHONEOS_DEPLOYMENT_TARGET = 17.5;
				MARKETING_VERSION = 1.0;
				PRODUCT_BUNDLE_IDENTIFIER = com.chuyishiwu.DemoTests;
				PRODUCT_NAME = "$(TARGET_NAME)";
				SWIFT_EMIT_LOC_STRINGS = NO;
				SWIFT_VERSION = 5.0;
				TARGETED_DEVICE_FAMILY = "1,2";
				TEST_HOST = "$(BUILT_PRODUCTS_DIR)/Demo.app/$(BUNDLE_EXECUTABLE_FOLDER_PATH)/Demo";
			};
			name = Debug;
		};
		7A587ADF2C6E434D0015C1F6 /* Release */ = {
			isa = XCBuildConfiguration;
			buildSettings = {
				ALWAYS_EMBED_SWIFT_STANDARD_LIBRARIES = YES;
				BUNDLE_LOADER = "$(TEST_HOST)";
				CODE_SIGN_STYLE = Automatic;
				CURRENT_PROJECT_VERSION = 1;
				DEVELOPMENT_TEAM = 2S25LUGR55;
				GENERATE_INFOPLIST_FILE = YES;
				IPHONEOS_DEPLOYMENT_TARGET = 17.5;
				MARKETING_VERSION = 1.0;
				PRODUCT_BUNDLE_IDENTIFIER = com.chuyishiwu.DemoTests;
				PRODUCT_NAME = "$(TARGET_NAME)";
				SWIFT_EMIT_LOC_STRINGS = NO;
				SWIFT_VERSION = 5.0;
				TARGETED_DEVICE_FAMILY = "1,2";
				TEST_HOST = "$(BUILT_PRODUCTS_DIR)/Demo.app/$(BUNDLE_EXECUTABLE_FOLDER_PATH)/Demo";
			};
			name = Release;
		};
		7A587AE12C6E434D0015C1F6 /* Debug */ = {
			isa = XCBuildConfiguration;
			buildSettings = {
				ALWAYS_EMBED_SWIFT_STANDARD_LIBRARIES = YES;
				CODE_SIGN_STYLE = Automatic;
				CURRENT_PROJECT_VERSION = 1;
				DEVELOPMENT_TEAM = 2S25LUGR55;
				GENERATE_INFOPLIST_FILE = YES;
				MARKETING_VERSION = 1.0;
				PRODUCT_BUNDLE_IDENTIFIER = com.chuyishiwu.DemoUITests;
				PRODUCT_NAME = "$(TARGET_NAME)";
				SWIFT_EMIT_LOC_STRINGS = NO;
				SWIFT_VERSION = 5.0;
				TARGETED_DEVICE_FAMILY = "1,2";
				TEST_TARGET_NAME = Demo;
			};
			name = Debug;
		};
		7A587AE22C6E434D0015C1F6 /* Release */ = {
			isa = XCBuildConfiguration;
			buildSettings = {
				ALWAYS_EMBED_SWIFT_STANDARD_LIBRARIES = YES;
				CODE_SIGN_STYLE = Automatic;
				CURRENT_PROJECT_VERSION = 1;
				DEVELOPMENT_TEAM = 2S25LUGR55;
				GENERATE_INFOPLIST_FILE = YES;
				MARKETING_VERSION = 1.0;
				PRODUCT_BUNDLE_IDENTIFIER = com.chuyishiwu.DemoUITests;
				PRODUCT_NAME = "$(TARGET_NAME)";
				SWIFT_EMIT_LOC_STRINGS = NO;
				SWIFT_VERSION = 5.0;
				TARGETED_DEVICE_FAMILY = "1,2";
				TEST_TARGET_NAME = Demo;
			};
			name = Release;
		};
/* End XCBuildConfiguration section */

/* Begin XCConfigurationList section */
		7A587AAB2C6E434C0015C1F6 /* Build configuration list for PBXProject "Demo" */ = {
			isa = XCConfigurationList;
			buildConfigurations = (
				7A587AD82C6E434D0015C1F6 /* Debug */,
				7A587AD92C6E434D0015C1F6 /* Release */,
			);
			defaultConfigurationIsVisible = 0;
			defaultConfigurationName = Release;
		};
		7A587ADA2C6E434D0015C1F6 /* Build configuration list for PBXNativeTarget "Demo" */ = {
			isa = XCConfigurationList;
			buildConfigurations = (
				7A587ADB2C6E434D0015C1F6 /* Debug */,
				7A587ADC2C6E434D0015C1F6 /* Release */,
			);
			defaultConfigurationIsVisible = 0;
			defaultConfigurationName = Release;
		};
		7A587ADD2C6E434D0015C1F6 /* Build configuration list for PBXNativeTarget "DemoTests" */ = {
			isa = XCConfigurationList;
			buildConfigurations = (
				7A587ADE2C6E434D0015C1F6 /* Debug */,
				7A587ADF2C6E434D0015C1F6 /* Release */,
			);
			defaultConfigurationIsVisible = 0;
			defaultConfigurationName = Release;
		};
		7A587AE02C6E434D0015C1F6 /* Build configuration list for PBXNativeTarget "DemoUITests" */ = {
			isa = XCConfigurationList;
			buildConfigurations = (
				7A587AE12C6E434D0015C1F6 /* Debug */,
				7A587AE22C6E434D0015C1F6 /* Release */,
			);
			defaultConfigurationIsVisible = 0;
			defaultConfigurationName = Release;
		};
/* End XCConfigurationList section */

/* Begin XCRemoteSwiftPackageReference section */
		7A5DDA112C7043550078B8C0 /* XCRemoteSwiftPackageReference "JKSwiftExtension" */ = {
			isa = XCRemoteSwiftPackageReference;
			repositoryURL = "https://github.com/JoanKing/JKSwiftExtension.git";
			requirement = {
				kind = upToNextMajorVersion;
				minimumVersion = 2.6.8;
			};
		};
		7A6164392C70FB6E0095003D /* XCRemoteSwiftPackageReference "DesignKit" */ = {
			isa = XCRemoteSwiftPackageReference;
			repositoryURL = "https://github.com/elonfreedom/DesignKit.git";
			requirement = {
				kind = upToNextMajorVersion;
				minimumVersion = 0.0.1;
			};
		};
		7AA2AF822C6F77BF009DB062 /* XCRemoteSwiftPackageReference "SnapKit" */ = {
			isa = XCRemoteSwiftPackageReference;
			repositoryURL = "https://github.com/SnapKit/SnapKit.git";
			requirement = {
				kind = upToNextMajorVersion;
				minimumVersion = 5.7.1;
			};
		};
/* End XCRemoteSwiftPackageReference section */

/* Begin XCSwiftPackageProductDependency section */
		7A5D130F2C7043D7000BCDC3 /* JKSwiftExtension */ = {
			isa = XCSwiftPackageProductDependency;
			package = 7A5DDA112C7043550078B8C0 /* XCRemoteSwiftPackageReference "JKSwiftExtension" */;
			productName = JKSwiftExtension;
		};
		7A7DFE5A2C6F8062005EC5A4 /* SnapKit */ = {
			isa = XCSwiftPackageProductDependency;
			package = 7AA2AF822C6F77BF009DB062 /* XCRemoteSwiftPackageReference "SnapKit" */;
			productName = SnapKit;
		};
		7A90AA622C74D15700DBE692 /* DesignKit */ = {
			isa = XCSwiftPackageProductDependency;
			package = 7A6164392C70FB6E0095003D /* XCRemoteSwiftPackageReference "DesignKit" */;
			productName = DesignKit;
		};
/* End XCSwiftPackageProductDependency section */
	};
	rootObject = 7A587AA82C6E434C0015C1F6 /* Project object */;
}
