{
  "originHash" : "7db2b7f919e5dd853bb91da133724158b60a4c08a21fe8a7dc9de23a770588ca",
  "pins" : [
    {
      "identity" : "designkit",
      "kind" : "remoteSourceControl",
      "location" : "https://github.com/elonfreedom/DesignKit.git",
      "state" : {
        "revision" : "b04bcbfe3e42180ab7d40f70dd076b126771bec1",
        "version" : "0.0.8"
      }
    },
    {
      "identity" : "jkswiftextension",
      "kind" : "remoteSourceControl",
      "location" : "https://github.com/JoanKing/JKSwiftExtension.git",
      "state" : {
        "revision" : "7d8a7c61a8316cb76c4e3f6d38d937b0df842836",
        "version" : "2.6.8"
      }
    },
    {
      "identity" : "snapkit",
      "kind" : "remoteSourceControl",
      "location" : "https://github.com/SnapKit/SnapKit.git",
      "state" : {
        "revision" : "2842e6e84e82eb9a8dac0100ca90d9444b0307f4",
        "version" : "5.7.1"
      }
    }
  ],
  "version" : 3
}
